// !$*UTF8*$!
{
	archiveVersion = 1;
	classes = {
	};
	objectVersion = 50;
	objects = {

/* Begin PBXBuildFile section */
		9474D04D25E4B6D200D62B26 /* AvatarImage.swift in Sources */ = {isa = PBXBuildFile; fileRef = 9474D04C25E4B6D200D62B26 /* AvatarImage.swift */; };
		9474D05225E4F95000D62B26 /* FoodScreen.swift in Sources */ = {isa = PBXBuildFile; fileRef = 9474D05125E4F95000D62B26 /* FoodScreen.swift */; };
		9474D05525E4FB9800D62B26 /* PendingOrderList.swift in Sources */ = {isa = PBXBuildFile; fileRef = 9474D05425E4FB9800D62B26 /* PendingOrderList.swift */; };
		94AE925725E541C200CFC2AD /* PendingOrderCell.swift in Sources */ = {isa = PBXBuildFile; fileRef = 94AE925625E541C200CFC2AD /* PendingOrderCell.swift */; };
		94AE925A25E5458E00CFC2AD /* PendingOrder.swift in Sources */ = {isa = PBXBuildFile; fileRef = 94AE925925E5458E00CFC2AD /* PendingOrder.swift */; };
		94AE925C25E61F4100CFC2AD /* FoodCategoryList.swift in Sources */ = {isa = PBXBuildFile; fileRef = 94AE925B25E61F4100CFC2AD /* FoodCategoryList.swift */; };
		94AE925E25E620D700CFC2AD /* FoodCategoryCell.swift in Sources */ = {isa = PBXBuildFile; fileRef = 94AE925D25E620D700CFC2AD /* FoodCategoryCell.swift */; };
		94D7E22025E76A2C0043B9A4 /* UIPaddingLabel.swift in Sources */ = {isa = PBXBuildFile; fileRef = 94D7E21F25E76A2C0043B9A4 /* UIPaddingLabel.swift */; };
		94D7E22225E76D270043B9A4 /* FoodSmallDetailCell.swift in Sources */ = {isa = PBXBuildFile; fileRef = 94D7E22125E76D270043B9A4 /* FoodSmallDetailCell.swift */; };
		94D7E22425E76E2A0043B9A4 /* FoodList.swift in Sources */ = {isa = PBXBuildFile; fileRef = 94D7E22325E76E2A0043B9A4 /* FoodList.swift */; };
		94D7E22625E76E790043B9A4 /* FoodDetail.swift in Sources */ = {isa = PBXBuildFile; fileRef = 94D7E22525E76E790043B9A4 /* FoodDetail.swift */; };
		94D7E22825E777E50043B9A4 /* FullFoodDetailScreen.swift in Sources */ = {isa = PBXBuildFile; fileRef = 94D7E22725E777E50043B9A4 /* FullFoodDetailScreen.swift */; };
		94DB7AD625E3712700C41FDB /* AppDelegate.swift in Sources */ = {isa = PBXBuildFile; fileRef = 94DB7AD525E3712700C41FDB /* AppDelegate.swift */; };
		94DB7AD825E3712700C41FDB /* SceneDelegate.swift in Sources */ = {isa = PBXBuildFile; fileRef = 94DB7AD725E3712700C41FDB /* SceneDelegate.swift */; };
		94DB7ADA25E3712700C41FDB /* ViewController.swift in Sources */ = {isa = PBXBuildFile; fileRef = 94DB7AD925E3712700C41FDB /* ViewController.swift */; };
		94DB7ADD25E3712700C41FDB /* Main.storyboard in Resources */ = {isa = PBXBuildFile; fileRef = 94DB7ADB25E3712700C41FDB /* Main.storyboard */; };
		94DB7ADF25E3714300C41FDB /* Assets.xcassets in Resources */ = {isa = PBXBuildFile; fileRef = 94DB7ADE25E3714300C41FDB /* Assets.xcassets */; };
		94DB7AE225E3714300C41FDB /* LaunchScreen.storyboard in Resources */ = {isa = PBXBuildFile; fileRef = 94DB7AE025E3714300C41FDB /* LaunchScreen.storyboard */; };
		94F54BAD25E385AE00C6BDDC /* PaddingTextUI.swift in Sources */ = {isa = PBXBuildFile; fileRef = 94F54BAC25E385AE00C6BDDC /* PaddingTextUI.swift */; };
		94F54BAF25E3871D00C6BDDC /* RoundBtn.swift in Sources */ = {isa = PBXBuildFile; fileRef = 94F54BAE25E3871D00C6BDDC /* RoundBtn.swift */; };
/* End PBXBuildFile section */

/* Begin PBXFileReference section */
		9474D04C25E4B6D200D62B26 /* AvatarImage.swift */ = {isa = PBXFileReference; lastKnownFileType = sourcecode.swift; path = AvatarImage.swift; sourceTree = "<group>"; };
		9474D05125E4F95000D62B26 /* FoodScreen.swift */ = {isa = PBXFileReference; lastKnownFileType = sourcecode.swift; path = FoodScreen.swift; sourceTree = "<group>"; };
		9474D05425E4FB9800D62B26 /* PendingOrderList.swift */ = {isa = PBXFileReference; lastKnownFileType = sourcecode.swift; path = PendingOrderList.swift; sourceTree = "<group>"; };
		94AE925625E541C200CFC2AD /* PendingOrderCell.swift */ = {isa = PBXFileReference; lastKnownFileType = sourcecode.swift; path = PendingOrderCell.swift; sourceTree = "<group>"; };
		94AE925925E5458E00CFC2AD /* PendingOrder.swift */ = {isa = PBXFileReference; lastKnownFileType = sourcecode.swift; path = PendingOrder.swift; sourceTree = "<group>"; };
		94AE925B25E61F4100CFC2AD /* FoodCategoryList.swift */ = {isa = PBXFileReference; lastKnownFileType = sourcecode.swift; path = FoodCategoryList.swift; sourceTree = "<group>"; };
		94AE925D25E620D700CFC2AD /* FoodCategoryCell.swift */ = {isa = PBXFileReference; lastKnownFileType = sourcecode.swift; path = FoodCategoryCell.swift; sourceTree = "<group>"; };
		94D7E21F25E76A2C0043B9A4 /* UIPaddingLabel.swift */ = {isa = PBXFileReference; lastKnownFileType = sourcecode.swift; path = UIPaddingLabel.swift; sourceTree = "<group>"; };
		94D7E22125E76D270043B9A4 /* FoodSmallDetailCell.swift */ = {isa = PBXFileReference; lastKnownFileType = sourcecode.swift; path = FoodSmallDetailCell.swift; sourceTree = "<group>"; };
		94D7E22325E76E2A0043B9A4 /* FoodList.swift */ = {isa = PBXFileReference; lastKnownFileType = sourcecode.swift; path = FoodList.swift; sourceTree = "<group>"; };
		94D7E22525E76E790043B9A4 /* FoodDetail.swift */ = {isa = PBXFileReference; lastKnownFileType = sourcecode.swift; path = FoodDetail.swift; sourceTree = "<group>"; };
		94D7E22725E777E50043B9A4 /* FullFoodDetailScreen.swift */ = {isa = PBXFileReference; lastKnownFileType = sourcecode.swift; path = FullFoodDetailScreen.swift; sourceTree = "<group>"; };
		94DB7AD225E3712700C41FDB /* FoodCafe.app */ = {isa = PBXFileReference; explicitFileType = wrapper.application; includeInIndex = 0; path = FoodCafe.app; sourceTree = BUILT_PRODUCTS_DIR; };
		94DB7AD525E3712700C41FDB /* AppDelegate.swift */ = {isa = PBXFileReference; lastKnownFileType = sourcecode.swift; path = AppDelegate.swift; sourceTree = "<group>"; };
		94DB7AD725E3712700C41FDB /* SceneDelegate.swift */ = {isa = PBXFileReference; lastKnownFileType = sourcecode.swift; path = SceneDelegate.swift; sourceTree = "<group>"; };
		94DB7AD925E3712700C41FDB /* ViewController.swift */ = {isa = PBXFileReference; lastKnownFileType = sourcecode.swift; path = ViewController.swift; sourceTree = "<group>"; };
		94DB7ADC25E3712700C41FDB /* Base */ = {isa = PBXFileReference; lastKnownFileType = file.storyboard; name = Base; path = Base.lproj/Main.storyboard; sourceTree = "<group>"; };
		94DB7ADE25E3714300C41FDB /* Assets.xcassets */ = {isa = PBXFileReference; lastKnownFileType = folder.assetcatalog; path = Assets.xcassets; sourceTree = "<group>"; };
		94DB7AE125E3714300C41FDB /* Base */ = {isa = PBXFileReference; lastKnownFileType = file.storyboard; name = Base; path = Base.lproj/LaunchScreen.storyboard; sourceTree = "<group>"; };
		94DB7AE325E3714300C41FDB /* Info.plist */ = {isa = PBXFileReference; lastKnownFileType = text.plist.xml; path = Info.plist; sourceTree = "<group>"; };
		94F54BAC25E385AE00C6BDDC /* PaddingTextUI.swift */ = {isa = PBXFileReference; lastKnownFileType = sourcecode.swift; path = PaddingTextUI.swift; sourceTree = "<group>"; };
		94F54BAE25E3871D00C6BDDC /* RoundBtn.swift */ = {isa = PBXFileReference; lastKnownFileType = sourcecode.swift; path = RoundBtn.swift; sourceTree = "<group>"; };
/* End PBXFileReference section */

/* Begin PBXFrameworksBuildPhase section */
		94DB7ACF25E3712700C41FDB /* Frameworks */ = {
			isa = PBXFrameworksBuildPhase;
			buildActionMask = 2147483647;
			files = (
			);
			runOnlyForDeploymentPostprocessing = 0;
		};
/* End PBXFrameworksBuildPhase section */

/* Begin PBXGroup section */
		9474D04E25E4F7FC00D62B26 /* Screens */ = {
			isa = PBXGroup;
			children = (
				9474D05125E4F95000D62B26 /* FoodScreen.swift */,
				94D7E22725E777E50043B9A4 /* FullFoodDetailScreen.swift */,
			);
			path = Screens;
			sourceTree = "<group>";
		};
		9474D05325E4FAAF00D62B26 /* TableViews */ = {
			isa = PBXGroup;
			children = (
				9474D05425E4FB9800D62B26 /* PendingOrderList.swift */,
				94AE925B25E61F4100CFC2AD /* FoodCategoryList.swift */,
				94D7E22325E76E2A0043B9A4 /* FoodList.swift */,
				9474D04E25E4F7FC00D62B26 /* Screens */,
			);
			path = TableViews;
			sourceTree = "<group>";
		};
		94AE925525E5417D00CFC2AD /* Cells */ = {
			isa = PBXGroup;
			children = (
				94AE925625E541C200CFC2AD /* PendingOrderCell.swift */,
				94AE925D25E620D700CFC2AD /* FoodCategoryCell.swift */,
				94D7E22125E76D270043B9A4 /* FoodSmallDetailCell.swift */,
			);
			path = Cells;
			sourceTree = "<group>";
		};
		94AE925825E5457600CFC2AD /* models */ = {
			isa = PBXGroup;
			children = (
				94AE925925E5458E00CFC2AD /* PendingOrder.swift */,
				94D7E22525E76E790043B9A4 /* FoodDetail.swift */,
			);
			path = models;
			sourceTree = "<group>";
		};
		94DB7AC925E3712700C41FDB = {
			isa = PBXGroup;
			children = (
				94DB7AD425E3712700C41FDB /* FoodCafe */,
				94DB7AD325E3712700C41FDB /* Products */,
			);
			sourceTree = "<group>";
		};
		94DB7AD325E3712700C41FDB /* Products */ = {
			isa = PBXGroup;
			children = (
				94DB7AD225E3712700C41FDB /* FoodCafe.app */,
			);
			name = Products;
			sourceTree = "<group>";
		};
		94DB7AD425E3712700C41FDB /* FoodCafe */ = {
			isa = PBXGroup;
			children = (
				94AE925825E5457600CFC2AD /* models */,
				94AE925525E5417D00CFC2AD /* Cells */,
				9474D05325E4FAAF00D62B26 /* TableViews */,
				94F54BAB25E3856600C6BDDC /* UI */,
				94DB7AD525E3712700C41FDB /* AppDelegate.swift */,
				94DB7AD725E3712700C41FDB /* SceneDelegate.swift */,
				94DB7AD925E3712700C41FDB /* ViewController.swift */,
				94DB7ADB25E3712700C41FDB /* Main.storyboard */,
				94DB7ADE25E3714300C41FDB /* Assets.xcassets */,
				94DB7AE025E3714300C41FDB /* LaunchScreen.storyboard */,
				94DB7AE325E3714300C41FDB /* Info.plist */,
			);
			path = FoodCafe;
			sourceTree = "<group>";
		};
		94F54BAB25E3856600C6BDDC /* UI */ = {
			isa = PBXGroup;
			children = (
				94F54BAC25E385AE00C6BDDC /* PaddingTextUI.swift */,
				94F54BAE25E3871D00C6BDDC /* RoundBtn.swift */,
				9474D04C25E4B6D200D62B26 /* AvatarImage.swift */,
				94D7E21F25E76A2C0043B9A4 /* UIPaddingLabel.swift */,
			);
			path = UI;
			sourceTree = "<group>";
		};
/* End PBXGroup section */

/* Begin PBXNativeTarget section */
		94DB7AD125E3712700C41FDB /* FoodCafe */ = {
			isa = PBXNativeTarget;
			buildConfigurationList = 94DB7AE625E3714300C41FDB /* Build configuration list for PBXNativeTarget "FoodCafe" */;
			buildPhases = (
				94DB7ACE25E3712700C41FDB /* Sources */,
				94DB7ACF25E3712700C41FDB /* Frameworks */,
				94DB7AD025E3712700C41FDB /* Resources */,
			);
			buildRules = (
			);
			dependencies = (
			);
			name = FoodCafe;
			productName = FoodCafe;
			productReference = 94DB7AD225E3712700C41FDB /* FoodCafe.app */;
			productType = "com.apple.product-type.application";
		};
/* End PBXNativeTarget section */

/* Begin PBXProject section */
		94DB7ACA25E3712700C41FDB /* Project object */ = {
			isa = PBXProject;
			attributes = {
				LastSwiftUpdateCheck = 1150;
				LastUpgradeCheck = 1150;
				ORGANIZATIONNAME = Nishain;
				TargetAttributes = {
					94DB7AD125E3712700C41FDB = {
						CreatedOnToolsVersion = 11.5;
					};
				};
			};
			buildConfigurationList = 94DB7ACD25E3712700C41FDB /* Build configuration list for PBXProject "FoodCafe" */;
			compatibilityVersion = "Xcode 9.3";
			developmentRegion = en;
			hasScannedForEncodings = 0;
			knownRegions = (
				en,
				Base,
			);
			mainGroup = 94DB7AC925E3712700C41FDB;
			productRefGroup = 94DB7AD325E3712700C41FDB /* Products */;
			projectDirPath = "";
			projectRoot = "";
			targets = (
				94DB7AD125E3712700C41FDB /* FoodCafe */,
			);
		};
/* End PBXProject section */

/* Begin PBXResourcesBuildPhase section */
		94DB7AD025E3712700C41FDB /* Resources */ = {
			isa = PBXResourcesBuildPhase;
			buildActionMask = 2147483647;
			files = (
				94DB7AE225E3714300C41FDB /* LaunchScreen.storyboard in Resources */,
				94DB7ADF25E3714300C41FDB /* Assets.xcassets in Resources */,
				94DB7ADD25E3712700C41FDB /* Main.storyboard in Resources */,
			);
			runOnlyForDeploymentPostprocessing = 0;
		};
/* End PBXResourcesBuildPhase section */

/* Begin PBXSourcesBuildPhase section */
		94DB7ACE25E3712700C41FDB /* Sources */ = {
			isa = PBXSourcesBuildPhase;
			buildActionMask = 2147483647;
			files = (
				94F54BAD25E385AE00C6BDDC /* PaddingTextUI.swift in Sources */,
				94F54BAF25E3871D00C6BDDC /* RoundBtn.swift in Sources */,
				94AE925A25E5458E00CFC2AD /* PendingOrder.swift in Sources */,
				94AE925E25E620D700CFC2AD /* FoodCategoryCell.swift in Sources */,
				94DB7ADA25E3712700C41FDB /* ViewController.swift in Sources */,
				94DB7AD625E3712700C41FDB /* AppDelegate.swift in Sources */,
				94D7E22625E76E790043B9A4 /* FoodDetail.swift in Sources */,
				94D7E22225E76D270043B9A4 /* FoodSmallDetailCell.swift in Sources */,
				9474D04D25E4B6D200D62B26 /* AvatarImage.swift in Sources */,
				94AE925C25E61F4100CFC2AD /* FoodCategoryList.swift in Sources */,
				94D7E22425E76E2A0043B9A4 /* FoodList.swift in Sources */,
				9474D05225E4F95000D62B26 /* FoodScreen.swift in Sources */,
				94D7E22825E777E50043B9A4 /* FullFoodDetailScreen.swift in Sources */,
				9474D05525E4FB9800D62B26 /* PendingOrderList.swift in Sources */,
				94D7E22025E76A2C0043B9A4 /* UIPaddingLabel.swift in Sources */,
				94AE925725E541C200CFC2AD /* PendingOrderCell.swift in Sources */,
				94DB7AD825E3712700C41FDB /* SceneDelegate.swift in Sources */,
			);
			runOnlyForDeploymentPostprocessing = 0;
		};
/* End PBXSourcesBuildPhase section */

/* Begin PBXVariantGroup section */
		94DB7ADB25E3712700C41FDB /* Main.storyboard */ = {
			isa = PBXVariantGroup;
			children = (
				94DB7ADC25E3712700C41FDB /* Base */,
			);
			name = Main.storyboard;
			sourceTree = "<group>";
		};
		94DB7AE025E3714300C41FDB /* LaunchScreen.storyboard */ = {
			isa = PBXVariantGroup;
			children = (
				94DB7AE125E3714300C41FDB /* Base */,
			);
			name = LaunchScreen.storyboard;
			sourceTree = "<group>";
		};
/* End PBXVariantGroup section */

/* Begin XCBuildConfiguration section */
		94DB7AE425E3714300C41FDB /* Debug */ = {
			isa = XCBuildConfiguration;
			buildSettings = {
				ALWAYS_SEARCH_USER_PATHS = NO;
				CLANG_ANALYZER_NONNULL = YES;
				CLANG_ANALYZER_NUMBER_OBJECT_CONVERSION = YES_AGGRESSIVE;
				CLANG_CXX_LANGUAGE_STANDARD = "gnu++14";
				CLANG_CXX_LIBRARY = "libc++";
				CLANG_ENABLE_MODULES = YES;
				CLANG_ENABLE_OBJC_ARC = YES;
				CLANG_ENABLE_OBJC_WEAK = YES;
				CLANG_WARN_BLOCK_CAPTURE_AUTORELEASING = YES;
				CLANG_WARN_BOOL_CONVERSION = YES;
				CLANG_WARN_COMMA = YES;
				CLANG_WARN_CONSTANT_CONVERSION = YES;
				CLANG_WARN_DEPRECATED_OBJC_IMPLEMENTATIONS = YES;
				CLANG_WARN_DIRECT_OBJC_ISA_USAGE = YES_ERROR;
				CLANG_WARN_DOCUMENTATION_COMMENTS = YES;
				CLANG_WARN_EMPTY_BODY = YES;
				CLANG_WARN_ENUM_CONVERSION = YES;
				CLANG_WARN_INFINITE_RECURSION = YES;
				CLANG_WARN_INT_CONVERSION = YES;
				CLANG_WARN_NON_LITERAL_NULL_CONVERSION = YES;
				CLANG_WARN_OBJC_IMPLICIT_RETAIN_SELF = YES;
				CLANG_WARN_OBJC_LITERAL_CONVERSION = YES;
				CLANG_WARN_OBJC_ROOT_CLASS = YES_ERROR;
				CLANG_WARN_RANGE_LOOP_ANALYSIS = YES;
				CLANG_WARN_STRICT_PROTOTYPES = YES;
				CLANG_WARN_SUSPICIOUS_MOVE = YES;
				CLANG_WARN_UNGUARDED_AVAILABILITY = YES_AGGRESSIVE;
				CLANG_WARN_UNREACHABLE_CODE = YES;
				CLANG_WARN__DUPLICATE_METHOD_MATCH = YES;
				COPY_PHASE_STRIP = NO;
				DEBUG_INFORMATION_FORMAT = dwarf;
				ENABLE_STRICT_OBJC_MSGSEND = YES;
				ENABLE_TESTABILITY = YES;
				GCC_C_LANGUAGE_STANDARD = gnu11;
				GCC_DYNAMIC_NO_PIC = NO;
				GCC_NO_COMMON_BLOCKS = YES;
				GCC_OPTIMIZATION_LEVEL = 0;
				GCC_PREPROCESSOR_DEFINITIONS = (
					"DEBUG=1",
					"$(inherited)",
				);
				GCC_WARN_64_TO_32_BIT_CONVERSION = YES;
				GCC_WARN_ABOUT_RETURN_TYPE = YES_ERROR;
				GCC_WARN_UNDECLARED_SELECTOR = YES;
				GCC_WARN_UNINITIALIZED_AUTOS = YES_AGGRESSIVE;
				GCC_WARN_UNUSED_FUNCTION = YES;
				GCC_WARN_UNUSED_VARIABLE = YES;
				IPHONEOS_DEPLOYMENT_TARGET = 13.5;
				MTL_ENABLE_DEBUG_INFO = INCLUDE_SOURCE;
				MTL_FAST_MATH = YES;
				ONLY_ACTIVE_ARCH = YES;
				SDKROOT = iphoneos;
				SWIFT_ACTIVE_COMPILATION_CONDITIONS = DEBUG;
				SWIFT_OPTIMIZATION_LEVEL = "-Onone";
			};
			name = Debug;
		};
		94DB7AE525E3714300C41FDB /* Release */ = {
			isa = XCBuildConfiguration;
			buildSettings = {
				ALWAYS_SEARCH_USER_PATHS = NO;
				CLANG_ANALYZER_NONNULL = YES;
				CLANG_ANALYZER_NUMBER_OBJECT_CONVERSION = YES_AGGRESSIVE;
				CLANG_CXX_LANGUAGE_STANDARD = "gnu++14";
				CLANG_CXX_LIBRARY = "libc++";
				CLANG_ENABLE_MODULES = YES;
				CLANG_ENABLE_OBJC_ARC = YES;
				CLANG_ENABLE_OBJC_WEAK = YES;
				CLANG_WARN_BLOCK_CAPTURE_AUTORELEASING = YES;
				CLANG_WARN_BOOL_CONVERSION = YES;
				CLANG_WARN_COMMA = YES;
				CLANG_WARN_CONSTANT_CONVERSION = YES;
				CLANG_WARN_DEPRECATED_OBJC_IMPLEMENTATIONS = YES;
				CLANG_WARN_DIRECT_OBJC_ISA_USAGE = YES_ERROR;
				CLANG_WARN_DOCUMENTATION_COMMENTS = YES;
				CLANG_WARN_EMPTY_BODY = YES;
				CLANG_WARN_ENUM_CONVERSION = YES;
				CLANG_WARN_INFINITE_RECURSION = YES;
				CLANG_WARN_INT_CONVERSION = YES;
				CLANG_WARN_NON_LITERAL_NULL_CONVERSION = YES;
				CLANG_WARN_OBJC_IMPLICIT_RETAIN_SELF = YES;
				CLANG_WARN_OBJC_LITERAL_CONVERSION = YES;
				CLANG_WARN_OBJC_ROOT_CLASS = YES_ERROR;
				CLANG_WARN_RANGE_LOOP_ANALYSIS = YES;
				CLANG_WARN_STRICT_PROTOTYPES = YES;
				CLANG_WARN_SUSPICIOUS_MOVE = YES;
				CLANG_WARN_UNGUARDED_AVAILABILITY = YES_AGGRESSIVE;
				CLANG_WARN_UNREACHABLE_CODE = YES;
				CLANG_WARN__DUPLICATE_METHOD_MATCH = YES;
				COPY_PHASE_STRIP = NO;
				DEBUG_INFORMATION_FORMAT = "dwarf-with-dsym";
				ENABLE_NS_ASSERTIONS = NO;
				ENABLE_STRICT_OBJC_MSGSEND = YES;
				GCC_C_LANGUAGE_STANDARD = gnu11;
				GCC_NO_COMMON_BLOCKS = YES;
				GCC_WARN_64_TO_32_BIT_CONVERSION = YES;
				GCC_WARN_ABOUT_RETURN_TYPE = YES_ERROR;
				GCC_WARN_UNDECLARED_SELECTOR = YES;
				GCC_WARN_UNINITIALIZED_AUTOS = YES_AGGRESSIVE;
				GCC_WARN_UNUSED_FUNCTION = YES;
				GCC_WARN_UNUSED_VARIABLE = YES;
				IPHONEOS_DEPLOYMENT_TARGET = 13.5;
				MTL_ENABLE_DEBUG_INFO = NO;
				MTL_FAST_MATH = YES;
				SDKROOT = iphoneos;
				SWIFT_COMPILATION_MODE = wholemodule;
				SWIFT_OPTIMIZATION_LEVEL = "-O";
				VALIDATE_PRODUCT = YES;
			};
			name = Release;
		};
		94DB7AE725E3714300C41FDB /* Debug */ = {
			isa = XCBuildConfiguration;
			buildSettings = {
				ASSETCATALOG_COMPILER_APPICON_NAME = AppIcon;
				CODE_SIGN_STYLE = Automatic;
				INFOPLIST_FILE = FoodCafe/Info.plist;
				LD_RUNPATH_SEARCH_PATHS = (
					"$(inherited)",
					"@executable_path/Frameworks",
				);
				PRODUCT_BUNDLE_IDENTIFIER = ndds.com.FoodCafe;
				PRODUCT_NAME = "$(TARGET_NAME)";
				SWIFT_VERSION = 5.0;
				TARGETED_DEVICE_FAMILY = "1,2";
			};
			name = Debug;
		};
		94DB7AE825E3714300C41FDB /* Release */ = {
			isa = XCBuildConfiguration;
			buildSettings = {
				ASSETCATALOG_COMPILER_APPICON_NAME = AppIcon;
				CODE_SIGN_STYLE = Automatic;
				INFOPLIST_FILE = FoodCafe/Info.plist;
				LD_RUNPATH_SEARCH_PATHS = (
					"$(inherited)",
					"@executable_path/Frameworks",
				);
				PRODUCT_BUNDLE_IDENTIFIER = ndds.com.FoodCafe;
				PRODUCT_NAME = "$(TARGET_NAME)";
				SWIFT_VERSION = 5.0;
				TARGETED_DEVICE_FAMILY = "1,2";
			};
			name = Release;
		};
/* End XCBuildConfiguration section */

/* Begin XCConfigurationList section */
		94DB7ACD25E3712700C41FDB /* Build configuration list for PBXProject "FoodCafe" */ = {
			isa = XCConfigurationList;
			buildConfigurations = (
				94DB7AE425E3714300C41FDB /* Debug */,
				94DB7AE525E3714300C41FDB /* Release */,
			);
			defaultConfigurationIsVisible = 0;
			defaultConfigurationName = Release;
		};
		94DB7AE625E3714300C41FDB /* Build configuration list for PBXNativeTarget "FoodCafe" */ = {
			isa = XCConfigurationList;
			buildConfigurations = (
				94DB7AE725E3714300C41FDB /* Debug */,
				94DB7AE825E3714300C41FDB /* Release */,
			);
			defaultConfigurationIsVisible = 0;
			defaultConfigurationName = Release;
		};
/* End XCConfigurationList section */
	};
	rootObject = 94DB7ACA25E3712700C41FDB /* Project object */;
}
