// !$*UTF8*$!
{
	archiveVersion = 1;
	classes = {
	};
	objectVersion = 51;
	objects = {

/* Begin PBXBuildFile section */
		74CEBC87F88FF10218030B8C /* Pods_FoodCafe.framework in Frameworks */ = {isa = PBXBuildFile; fileRef = AF74D1567EDF5FC43F422806 /* Pods_FoodCafe.framework */; };
		940DE82625EB681A00CA3F3C /* OrderListController.swift in Sources */ = {isa = PBXBuildFile; fileRef = 940DE82525EB681A00CA3F3C /* OrderListController.swift */; };
		940DE82825EB69CF00CA3F3C /* cardView.swift in Sources */ = {isa = PBXBuildFile; fileRef = 940DE82725EB69CF00CA3F3C /* cardView.swift */; };
		940DE82C25EB7C6100CA3F3C /* GoogleService-Info.plist in Resources */ = {isa = PBXBuildFile; fileRef = 940DE82B25EB7C6100CA3F3C /* GoogleService-Info.plist */; };
		940DE82E25EB801000CA3F3C /* PermissionRequestScreen.swift in Sources */ = {isa = PBXBuildFile; fileRef = 940DE82D25EB801000CA3F3C /* PermissionRequestScreen.swift */; };
		940DE83125EB80EA00CA3F3C /* LocationService.swift in Sources */ = {isa = PBXBuildFile; fileRef = 940DE83025EB80EA00CA3F3C /* LocationService.swift */; };
		9413467125E7EC15001750D3 /* AuthScreen.swift in Sources */ = {isa = PBXBuildFile; fileRef = 9413467025E7EC15001750D3 /* AuthScreen.swift */; };
		944B28A025EF646000A234CD /* DateFormatingStrings.swift in Sources */ = {isa = PBXBuildFile; fileRef = 944B289F25EF646000A234CD /* DateFormatingStrings.swift */; };
		946F58CD25F0937E0022DE5A /* Toast.swift in Sources */ = {isa = PBXBuildFile; fileRef = 946F58CC25F0937E0022DE5A /* Toast.swift */; };
		9474D04D25E4B6D200D62B26 /* AvatarImage.swift in Sources */ = {isa = PBXBuildFile; fileRef = 9474D04C25E4B6D200D62B26 /* AvatarImage.swift */; };
		9474D05225E4F95000D62B26 /* FoodScreen.swift in Sources */ = {isa = PBXBuildFile; fileRef = 9474D05125E4F95000D62B26 /* FoodScreen.swift */; };
		9474D05525E4FB9800D62B26 /* PendingOrderList.swift in Sources */ = {isa = PBXBuildFile; fileRef = 9474D05425E4FB9800D62B26 /* PendingOrderList.swift */; };
		94AE925725E541C200CFC2AD /* PendingOrderCell.swift in Sources */ = {isa = PBXBuildFile; fileRef = 94AE925625E541C200CFC2AD /* PendingOrderCell.swift */; };
		94AE925A25E5458E00CFC2AD /* PendingOrder.swift in Sources */ = {isa = PBXBuildFile; fileRef = 94AE925925E5458E00CFC2AD /* PendingOrder.swift */; };
		94AE925C25E61F4100CFC2AD /* FoodCategoryList.swift in Sources */ = {isa = PBXBuildFile; fileRef = 94AE925B25E61F4100CFC2AD /* FoodCategoryList.swift */; };
		94AE925E25E620D700CFC2AD /* FoodCategoryCell.swift in Sources */ = {isa = PBXBuildFile; fileRef = 94AE925D25E620D700CFC2AD /* FoodCategoryCell.swift */; };
		94D496EA25EB52F60033FA3E /* OrderCell.swift in Sources */ = {isa = PBXBuildFile; fileRef = 94D496E925EB52F60033FA3E /* OrderCell.swift */; };
		94D496EE25EB54C30033FA3E /* OrderStatus.swift in Sources */ = {isa = PBXBuildFile; fileRef = 94D496ED25EB54C30033FA3E /* OrderStatus.swift */; };
		94D496F025EB57960033FA3E /* AccountScreen.swift in Sources */ = {isa = PBXBuildFile; fileRef = 94D496EF25EB57960033FA3E /* AccountScreen.swift */; };
		94D496F225EB59200033FA3E /* Reciept.swift in Sources */ = {isa = PBXBuildFile; fileRef = 94D496F125EB59200033FA3E /* Reciept.swift */; };
		94D496F425EB59C90033FA3E /* DailyRecieptCell.swift in Sources */ = {isa = PBXBuildFile; fileRef = 94D496F325EB59C90033FA3E /* DailyRecieptCell.swift */; };
		94D496F625EB5A190033FA3E /* RecieptList.swift in Sources */ = {isa = PBXBuildFile; fileRef = 94D496F525EB5A190033FA3E /* RecieptList.swift */; };
		94D7E22025E76A2C0043B9A4 /* UIPaddingLabel.swift in Sources */ = {isa = PBXBuildFile; fileRef = 94D7E21F25E76A2C0043B9A4 /* UIPaddingLabel.swift */; };
		94D7E22225E76D270043B9A4 /* FoodSmallDetailCell.swift in Sources */ = {isa = PBXBuildFile; fileRef = 94D7E22125E76D270043B9A4 /* FoodSmallDetailCell.swift */; };
		94D7E22425E76E2A0043B9A4 /* FoodList.swift in Sources */ = {isa = PBXBuildFile; fileRef = 94D7E22325E76E2A0043B9A4 /* FoodList.swift */; };
		94D7E22625E76E790043B9A4 /* FoodDetail.swift in Sources */ = {isa = PBXBuildFile; fileRef = 94D7E22525E76E790043B9A4 /* FoodDetail.swift */; };
		94D7E22825E777E50043B9A4 /* FullFoodDetailScreen.swift in Sources */ = {isa = PBXBuildFile; fileRef = 94D7E22725E777E50043B9A4 /* FullFoodDetailScreen.swift */; };
		94DB7AD625E3712700C41FDB /* AppDelegate.swift in Sources */ = {isa = PBXBuildFile; fileRef = 94DB7AD525E3712700C41FDB /* AppDelegate.swift */; };
		94DB7AD825E3712700C41FDB /* SceneDelegate.swift in Sources */ = {isa = PBXBuildFile; fileRef = 94DB7AD725E3712700C41FDB /* SceneDelegate.swift */; };
		94DB7ADA25E3712700C41FDB /* ViewController.swift in Sources */ = {isa = PBXBuildFile; fileRef = 94DB7AD925E3712700C41FDB /* ViewController.swift */; };
		94DB7ADD25E3712700C41FDB /* Main.storyboard in Resources */ = {isa = PBXBuildFile; fileRef = 94DB7ADB25E3712700C41FDB /* Main.storyboard */; };
		94DB7ADF25E3714300C41FDB /* Assets.xcassets in Resources */ = {isa = PBXBuildFile; fileRef = 94DB7ADE25E3714300C41FDB /* Assets.xcassets */; };
		94DB7AE225E3714300C41FDB /* LaunchScreen.storyboard in Resources */ = {isa = PBXBuildFile; fileRef = 94DB7AE025E3714300C41FDB /* LaunchScreen.storyboard */; };
		94EB488A25EFCB76001ECC0D /* RootController.swift in Sources */ = {isa = PBXBuildFile; fileRef = 94EB488925EFCB76001ECC0D /* RootController.swift */; };
		94EBA74625EC96A200C5CDE6 /* AlertPopup.swift in Sources */ = {isa = PBXBuildFile; fileRef = 94EBA74525EC96A200C5CDE6 /* AlertPopup.swift */; };
		94F54BAD25E385AE00C6BDDC /* PaddingTextUI.swift in Sources */ = {isa = PBXBuildFile; fileRef = 94F54BAC25E385AE00C6BDDC /* PaddingTextUI.swift */; };
		94F54BAF25E3871D00C6BDDC /* RoundBtn.swift in Sources */ = {isa = PBXBuildFile; fileRef = 94F54BAE25E3871D00C6BDDC /* RoundBtn.swift */; };
/* End PBXBuildFile section */

/* Begin PBXFileReference section */
		940DE82525EB681A00CA3F3C /* OrderListController.swift */ = {isa = PBXFileReference; lastKnownFileType = sourcecode.swift; path = OrderListController.swift; sourceTree = "<group>"; };
		940DE82725EB69CF00CA3F3C /* cardView.swift */ = {isa = PBXFileReference; lastKnownFileType = sourcecode.swift; path = cardView.swift; sourceTree = "<group>"; };
		940DE82B25EB7C6100CA3F3C /* GoogleService-Info.plist */ = {isa = PBXFileReference; fileEncoding = 4; lastKnownFileType = text.plist.xml; path = "GoogleService-Info.plist"; sourceTree = "<group>"; };
		940DE82D25EB801000CA3F3C /* PermissionRequestScreen.swift */ = {isa = PBXFileReference; lastKnownFileType = sourcecode.swift; path = PermissionRequestScreen.swift; sourceTree = "<group>"; };
		940DE83025EB80EA00CA3F3C /* LocationService.swift */ = {isa = PBXFileReference; lastKnownFileType = sourcecode.swift; path = LocationService.swift; sourceTree = "<group>"; };
		9413467025E7EC15001750D3 /* AuthScreen.swift */ = {isa = PBXFileReference; lastKnownFileType = sourcecode.swift; path = AuthScreen.swift; sourceTree = "<group>"; };
		944B289F25EF646000A234CD /* DateFormatingStrings.swift */ = {isa = PBXFileReference; lastKnownFileType = sourcecode.swift; path = DateFormatingStrings.swift; sourceTree = "<group>"; };
		946F58CC25F0937E0022DE5A /* Toast.swift */ = {isa = PBXFileReference; lastKnownFileType = sourcecode.swift; path = Toast.swift; sourceTree = "<group>"; };
		9474D04C25E4B6D200D62B26 /* AvatarImage.swift */ = {isa = PBXFileReference; lastKnownFileType = sourcecode.swift; path = AvatarImage.swift; sourceTree = "<group>"; };
		9474D05125E4F95000D62B26 /* FoodScreen.swift */ = {isa = PBXFileReference; lastKnownFileType = sourcecode.swift; path = FoodScreen.swift; sourceTree = "<group>"; };
		9474D05425E4FB9800D62B26 /* PendingOrderList.swift */ = {isa = PBXFileReference; lastKnownFileType = sourcecode.swift; path = PendingOrderList.swift; sourceTree = "<group>"; };
		94AE925625E541C200CFC2AD /* PendingOrderCell.swift */ = {isa = PBXFileReference; lastKnownFileType = sourcecode.swift; path = PendingOrderCell.swift; sourceTree = "<group>"; };
		94AE925925E5458E00CFC2AD /* PendingOrder.swift */ = {isa = PBXFileReference; lastKnownFileType = sourcecode.swift; path = PendingOrder.swift; sourceTree = "<group>"; };
		94AE925B25E61F4100CFC2AD /* FoodCategoryList.swift */ = {isa = PBXFileReference; lastKnownFileType = sourcecode.swift; path = FoodCategoryList.swift; sourceTree = "<group>"; };
		94AE925D25E620D700CFC2AD /* FoodCategoryCell.swift */ = {isa = PBXFileReference; lastKnownFileType = sourcecode.swift; path = FoodCategoryCell.swift; sourceTree = "<group>"; };
		94D496E925EB52F60033FA3E /* OrderCell.swift */ = {isa = PBXFileReference; lastKnownFileType = sourcecode.swift; path = OrderCell.swift; sourceTree = "<group>"; };
		94D496ED25EB54C30033FA3E /* OrderStatus.swift */ = {isa = PBXFileReference; lastKnownFileType = sourcecode.swift; path = OrderStatus.swift; sourceTree = "<group>"; };
		94D496EF25EB57960033FA3E /* AccountScreen.swift */ = {isa = PBXFileReference; lastKnownFileType = sourcecode.swift; path = AccountScreen.swift; sourceTree = "<group>"; };
		94D496F125EB59200033FA3E /* Reciept.swift */ = {isa = PBXFileReference; lastKnownFileType = sourcecode.swift; path = Reciept.swift; sourceTree = "<group>"; };
		94D496F325EB59C90033FA3E /* DailyRecieptCell.swift */ = {isa = PBXFileReference; lastKnownFileType = sourcecode.swift; path = DailyRecieptCell.swift; sourceTree = "<group>"; };
		94D496F525EB5A190033FA3E /* RecieptList.swift */ = {isa = PBXFileReference; lastKnownFileType = sourcecode.swift; path = RecieptList.swift; sourceTree = "<group>"; };
		94D7E21F25E76A2C0043B9A4 /* UIPaddingLabel.swift */ = {isa = PBXFileReference; lastKnownFileType = sourcecode.swift; path = UIPaddingLabel.swift; sourceTree = "<group>"; };
		94D7E22125E76D270043B9A4 /* FoodSmallDetailCell.swift */ = {isa = PBXFileReference; lastKnownFileType = sourcecode.swift; path = FoodSmallDetailCell.swift; sourceTree = "<group>"; };
		94D7E22325E76E2A0043B9A4 /* FoodList.swift */ = {isa = PBXFileReference; lastKnownFileType = sourcecode.swift; path = FoodList.swift; sourceTree = "<group>"; };
		94D7E22525E76E790043B9A4 /* FoodDetail.swift */ = {isa = PBXFileReference; lastKnownFileType = sourcecode.swift; path = FoodDetail.swift; sourceTree = "<group>"; };
		94D7E22725E777E50043B9A4 /* FullFoodDetailScreen.swift */ = {isa = PBXFileReference; lastKnownFileType = sourcecode.swift; path = FullFoodDetailScreen.swift; sourceTree = "<group>"; };
		94DB7AD225E3712700C41FDB /* FoodCafe.app */ = {isa = PBXFileReference; explicitFileType = wrapper.application; includeInIndex = 0; path = FoodCafe.app; sourceTree = BUILT_PRODUCTS_DIR; };
		94DB7AD525E3712700C41FDB /* AppDelegate.swift */ = {isa = PBXFileReference; lastKnownFileType = sourcecode.swift; path = AppDelegate.swift; sourceTree = "<group>"; };
		94DB7AD725E3712700C41FDB /* SceneDelegate.swift */ = {isa = PBXFileReference; lastKnownFileType = sourcecode.swift; path = SceneDelegate.swift; sourceTree = "<group>"; };
		94DB7AD925E3712700C41FDB /* ViewController.swift */ = {isa = PBXFileReference; lastKnownFileType = sourcecode.swift; path = ViewController.swift; sourceTree = "<group>"; };
		94DB7ADC25E3712700C41FDB /* Base */ = {isa = PBXFileReference; lastKnownFileType = file.storyboard; name = Base; path = Base.lproj/Main.storyboard; sourceTree = "<group>"; };
		94DB7ADE25E3714300C41FDB /* Assets.xcassets */ = {isa = PBXFileReference; lastKnownFileType = folder.assetcatalog; path = Assets.xcassets; sourceTree = "<group>"; };
		94DB7AE125E3714300C41FDB /* Base */ = {isa = PBXFileReference; lastKnownFileType = file.storyboard; name = Base; path = Base.lproj/LaunchScreen.storyboard; sourceTree = "<group>"; };
		94DB7AE325E3714300C41FDB /* Info.plist */ = {isa = PBXFileReference; lastKnownFileType = text.plist.xml; path = Info.plist; sourceTree = "<group>"; };
		94EB488925EFCB76001ECC0D /* RootController.swift */ = {isa = PBXFileReference; lastKnownFileType = sourcecode.swift; path = RootController.swift; sourceTree = "<group>"; };
		94EBA74525EC96A200C5CDE6 /* AlertPopup.swift */ = {isa = PBXFileReference; lastKnownFileType = sourcecode.swift; path = AlertPopup.swift; sourceTree = "<group>"; };
		94F54BAC25E385AE00C6BDDC /* PaddingTextUI.swift */ = {isa = PBXFileReference; lastKnownFileType = sourcecode.swift; path = PaddingTextUI.swift; sourceTree = "<group>"; };
		94F54BAE25E3871D00C6BDDC /* RoundBtn.swift */ = {isa = PBXFileReference; lastKnownFileType = sourcecode.swift; path = RoundBtn.swift; sourceTree = "<group>"; };
		AF74D1567EDF5FC43F422806 /* Pods_FoodCafe.framework */ = {isa = PBXFileReference; explicitFileType = wrapper.framework; includeInIndex = 0; path = Pods_FoodCafe.framework; sourceTree = BUILT_PRODUCTS_DIR; };
		B00CB4C55933DFA12CD786A3 /* Pods-FoodCafe.debug.xcconfig */ = {isa = PBXFileReference; includeInIndex = 1; lastKnownFileType = text.xcconfig; name = "Pods-FoodCafe.debug.xcconfig"; path = "Target Support Files/Pods-FoodCafe/Pods-FoodCafe.debug.xcconfig"; sourceTree = "<group>"; };
		B65A1D4B97750D6FF0E1FF03 /* Pods-FoodCafe.release.xcconfig */ = {isa = PBXFileReference; includeInIndex = 1; lastKnownFileType = text.xcconfig; name = "Pods-FoodCafe.release.xcconfig"; path = "Target Support Files/Pods-FoodCafe/Pods-FoodCafe.release.xcconfig"; sourceTree = "<group>"; };
/* End PBXFileReference section */

/* Begin PBXFrameworksBuildPhase section */
		94DB7ACF25E3712700C41FDB /* Frameworks */ = {
			isa = PBXFrameworksBuildPhase;
			buildActionMask = 2147483647;
			files = (
				74CEBC87F88FF10218030B8C /* Pods_FoodCafe.framework in Frameworks */,
			);
			runOnlyForDeploymentPostprocessing = 0;
		};
/* End PBXFrameworksBuildPhase section */

/* Begin PBXGroup section */
		0D369135AB4F8FF3E460E4DC /* Frameworks */ = {
			isa = PBXGroup;
			children = (
				AF74D1567EDF5FC43F422806 /* Pods_FoodCafe.framework */,
			);
			name = Frameworks;
			sourceTree = "<group>";
		};
		940DE82F25EB80D500CA3F3C /* Location */ = {
			isa = PBXGroup;
			children = (
				940DE83025EB80EA00CA3F3C /* LocationService.swift */,
			);
			path = Location;
			sourceTree = "<group>";
		};
		9474D04E25E4F7FC00D62B26 /* Screens */ = {
			isa = PBXGroup;
			children = (
				940DE82525EB681A00CA3F3C /* OrderListController.swift */,
				94EBA74525EC96A200C5CDE6 /* AlertPopup.swift */,
				9474D05125E4F95000D62B26 /* FoodScreen.swift */,
				94D7E22725E777E50043B9A4 /* FullFoodDetailScreen.swift */,
				9413467025E7EC15001750D3 /* AuthScreen.swift */,
				94D496EF25EB57960033FA3E /* AccountScreen.swift */,
				940DE82D25EB801000CA3F3C /* PermissionRequestScreen.swift */,
				94EB488925EFCB76001ECC0D /* RootController.swift */,
			);
			path = Screens;
			sourceTree = "<group>";
		};
		9474D05325E4FAAF00D62B26 /* TableViews */ = {
			isa = PBXGroup;
			children = (
				9474D05425E4FB9800D62B26 /* PendingOrderList.swift */,
				94AE925B25E61F4100CFC2AD /* FoodCategoryList.swift */,
				94D7E22325E76E2A0043B9A4 /* FoodList.swift */,
				94D496F525EB5A190033FA3E /* RecieptList.swift */,
				9474D04E25E4F7FC00D62B26 /* Screens */,
			);
			path = TableViews;
			sourceTree = "<group>";
		};
		94AE925525E5417D00CFC2AD /* Cells */ = {
			isa = PBXGroup;
			children = (
				94AE925625E541C200CFC2AD /* PendingOrderCell.swift */,
				94AE925D25E620D700CFC2AD /* FoodCategoryCell.swift */,
				94D7E22125E76D270043B9A4 /* FoodSmallDetailCell.swift */,
				94D496E925EB52F60033FA3E /* OrderCell.swift */,
				94D496F325EB59C90033FA3E /* DailyRecieptCell.swift */,
			);
			path = Cells;
			sourceTree = "<group>";
		};
		94AE925825E5457600CFC2AD /* models */ = {
			isa = PBXGroup;
			children = (
				94AE925925E5458E00CFC2AD /* PendingOrder.swift */,
				94D7E22525E76E790043B9A4 /* FoodDetail.swift */,
				94D496ED25EB54C30033FA3E /* OrderStatus.swift */,
				94D496F125EB59200033FA3E /* Reciept.swift */,
				944B289F25EF646000A234CD /* DateFormatingStrings.swift */,
			);
			path = models;
			sourceTree = "<group>";
		};
		94DB7AC925E3712700C41FDB = {
			isa = PBXGroup;
			children = (
				94DB7AD425E3712700C41FDB /* FoodCafe */,
				94DB7AD325E3712700C41FDB /* Products */,
				B425E4E04A66A7D2CF72C75F /* Pods */,
				0D369135AB4F8FF3E460E4DC /* Frameworks */,
			);
			sourceTree = "<group>";
		};
		94DB7AD325E3712700C41FDB /* Products */ = {
			isa = PBXGroup;
			children = (
				94DB7AD225E3712700C41FDB /* FoodCafe.app */,
			);
			name = Products;
			sourceTree = "<group>";
		};
		94DB7AD425E3712700C41FDB /* FoodCafe */ = {
			isa = PBXGroup;
			children = (
				940DE82F25EB80D500CA3F3C /* Location */,
				940DE82B25EB7C6100CA3F3C /* GoogleService-Info.plist */,
				94AE925825E5457600CFC2AD /* models */,
				94AE925525E5417D00CFC2AD /* Cells */,
				9474D05325E4FAAF00D62B26 /* TableViews */,
				94F54BAB25E3856600C6BDDC /* UI */,
				94DB7AD525E3712700C41FDB /* AppDelegate.swift */,
				94DB7AD725E3712700C41FDB /* SceneDelegate.swift */,
				94DB7AD925E3712700C41FDB /* ViewController.swift */,
				94DB7ADB25E3712700C41FDB /* Main.storyboard */,
				94DB7ADE25E3714300C41FDB /* Assets.xcassets */,
				94DB7AE025E3714300C41FDB /* LaunchScreen.storyboard */,
				94DB7AE325E3714300C41FDB /* Info.plist */,
			);
			path = FoodCafe;
			sourceTree = "<group>";
		};
		94F54BAB25E3856600C6BDDC /* UI */ = {
			isa = PBXGroup;
			children = (
				94F54BAC25E385AE00C6BDDC /* PaddingTextUI.swift */,
				94F54BAE25E3871D00C6BDDC /* RoundBtn.swift */,
				9474D04C25E4B6D200D62B26 /* AvatarImage.swift */,
				94D7E21F25E76A2C0043B9A4 /* UIPaddingLabel.swift */,
				940DE82725EB69CF00CA3F3C /* cardView.swift */,
				946F58CC25F0937E0022DE5A /* Toast.swift */,
			);
			path = UI;
			sourceTree = "<group>";
		};
		B425E4E04A66A7D2CF72C75F /* Pods */ = {
			isa = PBXGroup;
			children = (
				B00CB4C55933DFA12CD786A3 /* Pods-FoodCafe.debug.xcconfig */,
				B65A1D4B97750D6FF0E1FF03 /* Pods-FoodCafe.release.xcconfig */,
			);
			path = Pods;
			sourceTree = "<group>";
		};
/* End PBXGroup section */

/* Begin PBXNativeTarget section */
		94DB7AD125E3712700C41FDB /* FoodCafe */ = {
			isa = PBXNativeTarget;
			buildConfigurationList = 94DB7AE625E3714300C41FDB /* Build configuration list for PBXNativeTarget "FoodCafe" */;
			buildPhases = (
				94B52B7DDDAD2F6ECCDD11B5 /* [CP] Check Pods Manifest.lock */,
				94DB7ACE25E3712700C41FDB /* Sources */,
				94DB7ACF25E3712700C41FDB /* Frameworks */,
				94DB7AD025E3712700C41FDB /* Resources */,
				A6A4285EB73170EA21A29AAC /* [CP] Embed Pods Frameworks */,
			);
			buildRules = (
			);
			dependencies = (
			);
			name = FoodCafe;
			productName = FoodCafe;
			productReference = 94DB7AD225E3712700C41FDB /* FoodCafe.app */;
			productType = "com.apple.product-type.application";
		};
/* End PBXNativeTarget section */

/* Begin PBXProject section */
		94DB7ACA25E3712700C41FDB /* Project object */ = {
			isa = PBXProject;
			attributes = {
				LastSwiftUpdateCheck = 1150;
				LastUpgradeCheck = 1150;
				ORGANIZATIONNAME = Nishain;
				TargetAttributes = {
					94DB7AD125E3712700C41FDB = {
						CreatedOnToolsVersion = 11.5;
					};
				};
			};
			buildConfigurationList = 94DB7ACD25E3712700C41FDB /* Build configuration list for PBXProject "FoodCafe" */;
			compatibilityVersion = "Xcode 9.3";
			developmentRegion = en;
			hasScannedForEncodings = 0;
			knownRegions = (
				en,
				Base,
			);
			mainGroup = 94DB7AC925E3712700C41FDB;
			productRefGroup = 94DB7AD325E3712700C41FDB /* Products */;
			projectDirPath = "";
			projectRoot = "";
			targets = (
				94DB7AD125E3712700C41FDB /* FoodCafe */,
			);
		};
/* End PBXProject section */

/* Begin PBXResourcesBuildPhase section */
		94DB7AD025E3712700C41FDB /* Resources */ = {
			isa = PBXResourcesBuildPhase;
			buildActionMask = 2147483647;
			files = (
				94DB7AE225E3714300C41FDB /* LaunchScreen.storyboard in Resources */,
				940DE82C25EB7C6100CA3F3C /* GoogleService-Info.plist in Resources */,
				94DB7ADF25E3714300C41FDB /* Assets.xcassets in Resources */,
				94DB7ADD25E3712700C41FDB /* Main.storyboard in Resources */,
			);
			runOnlyForDeploymentPostprocessing = 0;
		};
/* End PBXResourcesBuildPhase section */

/* Begin PBXShellScriptBuildPhase section */
		94B52B7DDDAD2F6ECCDD11B5 /* [CP] Check Pods Manifest.lock */ = {
			isa = PBXShellScriptBuildPhase;
			buildActionMask = 2147483647;
			files = (
			);
			inputFileListPaths = (
			);
			inputPaths = (
				"${PODS_PODFILE_DIR_PATH}/Podfile.lock",
				"${PODS_ROOT}/Manifest.lock",
			);
			name = "[CP] Check Pods Manifest.lock";
			outputFileListPaths = (
			);
			outputPaths = (
				"$(DERIVED_FILE_DIR)/Pods-FoodCafe-checkManifestLockResult.txt",
			);
			runOnlyForDeploymentPostprocessing = 0;
			shellPath = /bin/sh;
			shellScript = "diff \"${PODS_PODFILE_DIR_PATH}/Podfile.lock\" \"${PODS_ROOT}/Manifest.lock\" > /dev/null\nif [ $? != 0 ] ; then\n    # print error to STDERR\n    echo \"error: The sandbox is not in sync with the Podfile.lock. Run 'pod install' or update your CocoaPods installation.\" >&2\n    exit 1\nfi\n# This output is used by Xcode 'outputs' to avoid re-running this script phase.\necho \"SUCCESS\" > \"${SCRIPT_OUTPUT_FILE_0}\"\n";
			showEnvVarsInLog = 0;
		};
		A6A4285EB73170EA21A29AAC /* [CP] Embed Pods Frameworks */ = {
			isa = PBXShellScriptBuildPhase;
			buildActionMask = 2147483647;
			files = (
			);
			inputFileListPaths = (
				"${PODS_ROOT}/Target Support Files/Pods-FoodCafe/Pods-FoodCafe-frameworks-${CONFIGURATION}-input-files.xcfilelist",
			);
			name = "[CP] Embed Pods Frameworks";
			outputFileListPaths = (
				"${PODS_ROOT}/Target Support Files/Pods-FoodCafe/Pods-FoodCafe-frameworks-${CONFIGURATION}-output-files.xcfilelist",
			);
			runOnlyForDeploymentPostprocessing = 0;
			shellPath = /bin/sh;
			shellScript = "\"${PODS_ROOT}/Target Support Files/Pods-FoodCafe/Pods-FoodCafe-frameworks.sh\"\n";
			showEnvVarsInLog = 0;
		};
/* End PBXShellScriptBuildPhase section */

/* Begin PBXSourcesBuildPhase section */
		94DB7ACE25E3712700C41FDB /* Sources */ = {
			isa = PBXSourcesBuildPhase;
			buildActionMask = 2147483647;
			files = (
				94F54BAD25E385AE00C6BDDC /* PaddingTextUI.swift in Sources */,
				94EBA74625EC96A200C5CDE6 /* AlertPopup.swift in Sources */,
				94D496F625EB5A190033FA3E /* RecieptList.swift in Sources */,
				94F54BAF25E3871D00C6BDDC /* RoundBtn.swift in Sources */,
				94D496EA25EB52F60033FA3E /* OrderCell.swift in Sources */,
				94AE925A25E5458E00CFC2AD /* PendingOrder.swift in Sources */,
				940DE82625EB681A00CA3F3C /* OrderListController.swift in Sources */,
				94AE925E25E620D700CFC2AD /* FoodCategoryCell.swift in Sources */,
				94DB7ADA25E3712700C41FDB /* ViewController.swift in Sources */,
				940DE82825EB69CF00CA3F3C /* cardView.swift in Sources */,
				9413467125E7EC15001750D3 /* AuthScreen.swift in Sources */,
				94D496F425EB59C90033FA3E /* DailyRecieptCell.swift in Sources */,
				94DB7AD625E3712700C41FDB /* AppDelegate.swift in Sources */,
				94D7E22625E76E790043B9A4 /* FoodDetail.swift in Sources */,
				94D7E22225E76D270043B9A4 /* FoodSmallDetailCell.swift in Sources */,
				940DE83125EB80EA00CA3F3C /* LocationService.swift in Sources */,
				9474D04D25E4B6D200D62B26 /* AvatarImage.swift in Sources */,
				946F58CD25F0937E0022DE5A /* Toast.swift in Sources */,
				94D496F225EB59200033FA3E /* Reciept.swift in Sources */,
				94D496EE25EB54C30033FA3E /* OrderStatus.swift in Sources */,
				94AE925C25E61F4100CFC2AD /* FoodCategoryList.swift in Sources */,
				94D7E22425E76E2A0043B9A4 /* FoodList.swift in Sources */,
				9474D05225E4F95000D62B26 /* FoodScreen.swift in Sources */,
				944B28A025EF646000A234CD /* DateFormatingStrings.swift in Sources */,
				94D7E22825E777E50043B9A4 /* FullFoodDetailScreen.swift in Sources */,
				940DE82E25EB801000CA3F3C /* PermissionRequestScreen.swift in Sources */,
				94D496F025EB57960033FA3E /* AccountScreen.swift in Sources */,
				9474D05525E4FB9800D62B26 /* PendingOrderList.swift in Sources */,
				94D7E22025E76A2C0043B9A4 /* UIPaddingLabel.swift in Sources */,
				94EB488A25EFCB76001ECC0D /* RootController.swift in Sources */,
				94AE925725E541C200CFC2AD /* PendingOrderCell.swift in Sources */,
				94DB7AD825E3712700C41FDB /* SceneDelegate.swift in Sources */,
			);
			runOnlyForDeploymentPostprocessing = 0;
		};
/* End PBXSourcesBuildPhase section */

/* Begin PBXVariantGroup section */
		94DB7ADB25E3712700C41FDB /* Main.storyboard */ = {
			isa = PBXVariantGroup;
			children = (
				94DB7ADC25E3712700C41FDB /* Base */,
			);
			name = Main.storyboard;
			sourceTree = "<group>";
		};
		94DB7AE025E3714300C41FDB /* LaunchScreen.storyboard */ = {
			isa = PBXVariantGroup;
			children = (
				94DB7AE125E3714300C41FDB /* Base */,
			);
			name = LaunchScreen.storyboard;
			sourceTree = "<group>";
		};
/* End PBXVariantGroup section */

/* Begin XCBuildConfiguration section */
		94DB7AE425E3714300C41FDB /* Debug */ = {
			isa = XCBuildConfiguration;
			buildSettings = {
				ALWAYS_SEARCH_USER_PATHS = NO;
				CLANG_ANALYZER_NONNULL = YES;
				CLANG_ANALYZER_NUMBER_OBJECT_CONVERSION = YES_AGGRESSIVE;
				CLANG_CXX_LANGUAGE_STANDARD = "gnu++14";
				CLANG_CXX_LIBRARY = "libc++";
				CLANG_ENABLE_MODULES = YES;
				CLANG_ENABLE_OBJC_ARC = YES;
				CLANG_ENABLE_OBJC_WEAK = YES;
				CLANG_WARN_BLOCK_CAPTURE_AUTORELEASING = YES;
				CLANG_WARN_BOOL_CONVERSION = YES;
				CLANG_WARN_COMMA = YES;
				CLANG_WARN_CONSTANT_CONVERSION = YES;
				CLANG_WARN_DEPRECATED_OBJC_IMPLEMENTATIONS = YES;
				CLANG_WARN_DIRECT_OBJC_ISA_USAGE = YES_ERROR;
				CLANG_WARN_DOCUMENTATION_COMMENTS = YES;
				CLANG_WARN_EMPTY_BODY = YES;
				CLANG_WARN_ENUM_CONVERSION = YES;
				CLANG_WARN_INFINITE_RECURSION = YES;
				CLANG_WARN_INT_CONVERSION = YES;
				CLANG_WARN_NON_LITERAL_NULL_CONVERSION = YES;
				CLANG_WARN_OBJC_IMPLICIT_RETAIN_SELF = YES;
				CLANG_WARN_OBJC_LITERAL_CONVERSION = YES;
				CLANG_WARN_OBJC_ROOT_CLASS = YES_ERROR;
				CLANG_WARN_RANGE_LOOP_ANALYSIS = YES;
				CLANG_WARN_STRICT_PROTOTYPES = YES;
				CLANG_WARN_SUSPICIOUS_MOVE = YES;
				CLANG_WARN_UNGUARDED_AVAILABILITY = YES_AGGRESSIVE;
				CLANG_WARN_UNREACHABLE_CODE = YES;
				CLANG_WARN__DUPLICATE_METHOD_MATCH = YES;
				COPY_PHASE_STRIP = NO;
				DEBUG_INFORMATION_FORMAT = dwarf;
				ENABLE_STRICT_OBJC_MSGSEND = YES;
				ENABLE_TESTABILITY = YES;
				GCC_C_LANGUAGE_STANDARD = gnu11;
				GCC_DYNAMIC_NO_PIC = NO;
				GCC_NO_COMMON_BLOCKS = YES;
				GCC_OPTIMIZATION_LEVEL = 0;
				GCC_PREPROCESSOR_DEFINITIONS = (
					"DEBUG=1",
					"$(inherited)",
				);
				GCC_WARN_64_TO_32_BIT_CONVERSION = YES;
				GCC_WARN_ABOUT_RETURN_TYPE = YES_ERROR;
				GCC_WARN_UNDECLARED_SELECTOR = YES;
				GCC_WARN_UNINITIALIZED_AUTOS = YES_AGGRESSIVE;
				GCC_WARN_UNUSED_FUNCTION = YES;
				GCC_WARN_UNUSED_VARIABLE = YES;
				IPHONEOS_DEPLOYMENT_TARGET = 13.5;
				MTL_ENABLE_DEBUG_INFO = INCLUDE_SOURCE;
				MTL_FAST_MATH = YES;
				ONLY_ACTIVE_ARCH = YES;
				SDKROOT = iphoneos;
				SWIFT_ACTIVE_COMPILATION_CONDITIONS = DEBUG;
				SWIFT_OPTIMIZATION_LEVEL = "-Onone";
			};
			name = Debug;
		};
		94DB7AE525E3714300C41FDB /* Release */ = {
			isa = XCBuildConfiguration;
			buildSettings = {
				ALWAYS_SEARCH_USER_PATHS = NO;
				CLANG_ANALYZER_NONNULL = YES;
				CLANG_ANALYZER_NUMBER_OBJECT_CONVERSION = YES_AGGRESSIVE;
				CLANG_CXX_LANGUAGE_STANDARD = "gnu++14";
				CLANG_CXX_LIBRARY = "libc++";
				CLANG_ENABLE_MODULES = YES;
				CLANG_ENABLE_OBJC_ARC = YES;
				CLANG_ENABLE_OBJC_WEAK = YES;
				CLANG_WARN_BLOCK_CAPTURE_AUTORELEASING = YES;
				CLANG_WARN_BOOL_CONVERSION = YES;
				CLANG_WARN_COMMA = YES;
				CLANG_WARN_CONSTANT_CONVERSION = YES;
				CLANG_WARN_DEPRECATED_OBJC_IMPLEMENTATIONS = YES;
				CLANG_WARN_DIRECT_OBJC_ISA_USAGE = YES_ERROR;
				CLANG_WARN_DOCUMENTATION_COMMENTS = YES;
				CLANG_WARN_EMPTY_BODY = YES;
				CLANG_WARN_ENUM_CONVERSION = YES;
				CLANG_WARN_INFINITE_RECURSION = YES;
				CLANG_WARN_INT_CONVERSION = YES;
				CLANG_WARN_NON_LITERAL_NULL_CONVERSION = YES;
				CLANG_WARN_OBJC_IMPLICIT_RETAIN_SELF = YES;
				CLANG_WARN_OBJC_LITERAL_CONVERSION = YES;
				CLANG_WARN_OBJC_ROOT_CLASS = YES_ERROR;
				CLANG_WARN_RANGE_LOOP_ANALYSIS = YES;
				CLANG_WARN_STRICT_PROTOTYPES = YES;
				CLANG_WARN_SUSPICIOUS_MOVE = YES;
				CLANG_WARN_UNGUARDED_AVAILABILITY = YES_AGGRESSIVE;
				CLANG_WARN_UNREACHABLE_CODE = YES;
				CLANG_WARN__DUPLICATE_METHOD_MATCH = YES;
				COPY_PHASE_STRIP = NO;
				DEBUG_INFORMATION_FORMAT = "dwarf-with-dsym";
				ENABLE_NS_ASSERTIONS = NO;
				ENABLE_STRICT_OBJC_MSGSEND = YES;
				GCC_C_LANGUAGE_STANDARD = gnu11;
				GCC_NO_COMMON_BLOCKS = YES;
				GCC_WARN_64_TO_32_BIT_CONVERSION = YES;
				GCC_WARN_ABOUT_RETURN_TYPE = YES_ERROR;
				GCC_WARN_UNDECLARED_SELECTOR = YES;
				GCC_WARN_UNINITIALIZED_AUTOS = YES_AGGRESSIVE;
				GCC_WARN_UNUSED_FUNCTION = YES;
				GCC_WARN_UNUSED_VARIABLE = YES;
				IPHONEOS_DEPLOYMENT_TARGET = 13.5;
				MTL_ENABLE_DEBUG_INFO = NO;
				MTL_FAST_MATH = YES;
				SDKROOT = iphoneos;
				SWIFT_COMPILATION_MODE = wholemodule;
				SWIFT_OPTIMIZATION_LEVEL = "-O";
				VALIDATE_PRODUCT = YES;
			};
			name = Release;
		};
		94DB7AE725E3714300C41FDB /* Debug */ = {
			isa = XCBuildConfiguration;
			baseConfigurationReference = B00CB4C55933DFA12CD786A3 /* Pods-FoodCafe.debug.xcconfig */;
			buildSettings = {
				ASSETCATALOG_COMPILER_APPICON_NAME = AppIcon;
				CODE_SIGN_STYLE = Automatic;
				INFOPLIST_FILE = FoodCafe/Info.plist;
				LD_RUNPATH_SEARCH_PATHS = (
					"$(inherited)",
					"@executable_path/Frameworks",
				);
				PRODUCT_BUNDLE_IDENTIFIER = ndds.com.FoodCafe;
				PRODUCT_NAME = "$(TARGET_NAME)";
				SWIFT_VERSION = 5.0;
				TARGETED_DEVICE_FAMILY = "1,2";
			};
			name = Debug;
		};
		94DB7AE825E3714300C41FDB /* Release */ = {
			isa = XCBuildConfiguration;
			baseConfigurationReference = B65A1D4B97750D6FF0E1FF03 /* Pods-FoodCafe.release.xcconfig */;
			buildSettings = {
				ASSETCATALOG_COMPILER_APPICON_NAME = AppIcon;
				CODE_SIGN_STYLE = Automatic;
				INFOPLIST_FILE = FoodCafe/Info.plist;
				LD_RUNPATH_SEARCH_PATHS = (
					"$(inherited)",
					"@executable_path/Frameworks",
				);
				PRODUCT_BUNDLE_IDENTIFIER = ndds.com.FoodCafe;
				PRODUCT_NAME = "$(TARGET_NAME)";
				SWIFT_VERSION = 5.0;
				TARGETED_DEVICE_FAMILY = "1,2";
			};
			name = Release;
		};
/* End XCBuildConfiguration section */

/* Begin XCConfigurationList section */
		94DB7ACD25E3712700C41FDB /* Build configuration list for PBXProject "FoodCafe" */ = {
			isa = XCConfigurationList;
			buildConfigurations = (
				94DB7AE425E3714300C41FDB /* Debug */,
				94DB7AE525E3714300C41FDB /* Release */,
			);
			defaultConfigurationIsVisible = 0;
			defaultConfigurationName = Release;
		};
		94DB7AE625E3714300C41FDB /* Build configuration list for PBXNativeTarget "FoodCafe" */ = {
			isa = XCConfigurationList;
			buildConfigurations = (
				94DB7AE725E3714300C41FDB /* Debug */,
				94DB7AE825E3714300C41FDB /* Release */,
			);
			defaultConfigurationIsVisible = 0;
			defaultConfigurationName = Release;
		};
/* End XCConfigurationList section */
	};
	rootObject = 94DB7ACA25E3712700C41FDB /* Project object */;
}
